
Microsoft Visual Studio Solution File, Format Version 12.00
# Visual Studio 14
VisualStudioVersion = 14.0.25123.0
MinimumVisualStudioVersion = 10.0.40219.1
Project("{FAE04EC0-301F-11D3-BF4B-00C04F79EFBC}") = "Pioneer.Accident", "Pioneer.Accident\Pioneer.Accident.csproj", "{1E9E6BDE-FFE1-4E25-8D4B-7CC1A942913A}"
EndProject
Project("{FAE04EC0-301F-11D3-BF4B-00C04F79EFBC}") = "Pioneeer.Accident.Service", "Pioneeer.Accident.Service\Pioneeer.Accident.Service.csproj", "{145B20D5-9FEE-4924-9534-DCC4C1F01A20}"
EndProject
Global
	GlobalSection(SolutionConfigurationPlatforms) = preSolution
		Debug|Any CPU = Debug|Any CPU
		Release|Any CPU = Release|Any CPU
	EndGlobalSection
	GlobalSection(ProjectConfigurationPlatforms) = postSolution
		{1E9E6BDE-FFE1-4E25-8D4B-7CC1A942913A}.Debug|Any CPU.ActiveCfg = Debug|Any CPU
		{1E9E6BDE-FFE1-4E25-8D4B-7CC1A942913A}.Debug|Any CPU.Build.0 = Debug|Any CPU
		{1E9E6BDE-FFE1-4E25-8D4B-7CC1A942913A}.Release|Any CPU.ActiveCfg = Release|Any CPU
		{1E9E6BDE-FFE1-4E25-8D4B-7CC1A942913A}.Release|Any CPU.Build.0 = Release|Any CPU
		{145B20D5-9FEE-4924-9534-DCC4C1F01A20}.Debug|Any CPU.ActiveCfg = Debug|Any CPU
		{145B20D5-9FEE-4924-9534-DCC4C1F01A20}.Debug|Any CPU.Build.0 = Debug|Any CPU
		{145B20D5-9FEE-4924-9534-DCC4C1F01A20}.Release|Any CPU.ActiveCfg = Release|Any CPU
		{145B20D5-9FEE-4924-9534-DCC4C1F01A20}.Release|Any CPU.Build.0 = Release|Any CPU
	EndGlobalSection
	GlobalSection(SolutionProperties) = preSolution
		HideSolutionNode = FALSE
	EndGlobalSection
EndGlobal
